
Microsoft Visual Studio Solution File, Format Version 12.00
Project("{FAE04EC0-301F-11D3-BF4B-00C04F79EFBC}") = "CyclomaticComplexityAnalyzer", "CyclomaticComplexityAnalyzer\CyclomaticComplexityAnalyzer.csproj", "{F28A9E20-24A8-447A-B364-FF3CF22AE7A1}"
EndProject
Project("{FAE04EC0-301F-11D3-BF4B-00C04F79EFBC}") = "CyclomaticTest", "CyclomaticTest\CyclomaticTest.csproj", "{7D299396-A465-44AA-AA20-8A913A9E619C}"
EndProject
Global
	GlobalSection(SolutionConfigurationPlatforms) = preSolution
		Debug|Any CPU = Debug|Any CPU
		Release|Any CPU = Release|Any CPU
	EndGlobalSection
	GlobalSection(ProjectConfigurationPlatforms) = postSolution
		{F28A9E20-24A8-447A-B364-FF3CF22AE7A1}.Debug|Any CPU.ActiveCfg = Debug|Any CPU
		{F28A9E20-24A8-447A-B364-FF3CF22AE7A1}.Debug|Any CPU.Build.0 = Debug|Any CPU
		{F28A9E20-24A8-447A-B364-FF3CF22AE7A1}.Release|Any CPU.ActiveCfg = Release|Any CPU
		{F28A9E20-24A8-447A-B364-FF3CF22AE7A1}.Release|Any CPU.Build.0 = Release|Any CPU
		{7D299396-A465-44AA-AA20-8A913A9E619C}.Debug|Any CPU.ActiveCfg = Debug|Any CPU
		{7D299396-A465-44AA-AA20-8A913A9E619C}.Debug|Any CPU.Build.0 = Debug|Any CPU
		{7D299396-A465-44AA-AA20-8A913A9E619C}.Release|Any CPU.ActiveCfg = Release|Any CPU
		{7D299396-A465-44AA-AA20-8A913A9E619C}.Release|Any CPU.Build.0 = Release|Any CPU
	EndGlobalSection
EndGlobal
